
Microsoft Visual Studio Solution File, Format Version 12.00
# Visual Studio Version 17
VisualStudioVersion = 17.7.33711.374
MinimumVisualStudioVersion = 10.0.40219.1
Project("{9A19103F-16F7-4668-BE54-9A1E7A4F7556}") = "DesarrolloNet8", "DesarrolloNet8\DesarrolloNet8.csproj", "{7996E95C-58A8-4E78-9D9C-D33BFCE3D2C5}"
EndProject
Project("{FAE04EC0-301F-11D3-BF4B-00C04F79EFBC}") = "DesarrolloNet8Razor", "DesarrolloNet8Razor\DesarrolloNet8Razor.csproj", "{A3589B17-0AB5-4B03-90AA-5DDC52CDFC36}"
EndProject
Global
	GlobalSection(SolutionConfigurationPlatforms) = preSolution
		Debug|Any CPU = Debug|Any CPU
		Release|Any CPU = Release|Any CPU
	EndGlobalSection
	GlobalSection(ProjectConfigurationPlatforms) = postSolution
		{7996E95C-58A8-4E78-9D9C-D33BFCE3D2C5}.Debug|Any CPU.ActiveCfg = Debug|Any CPU
		{7996E95C-58A8-4E78-9D9C-D33BFCE3D2C5}.Debug|Any CPU.Build.0 = Debug|Any CPU
		{7996E95C-58A8-4E78-9D9C-D33BFCE3D2C5}.Release|Any CPU.ActiveCfg = Release|Any CPU
		{7996E95C-58A8-4E78-9D9C-D33BFCE3D2C5}.Release|Any CPU.Build.0 = Release|Any CPU
		{A3589B17-0AB5-4B03-90AA-5DDC52CDFC36}.Debug|Any CPU.ActiveCfg = Debug|Any CPU
		{A3589B17-0AB5-4B03-90AA-5DDC52CDFC36}.Debug|Any CPU.Build.0 = Debug|Any CPU
		{A3589B17-0AB5-4B03-90AA-5DDC52CDFC36}.Release|Any CPU.ActiveCfg = Release|Any CPU
		{A3589B17-0AB5-4B03-90AA-5DDC52CDFC36}.Release|Any CPU.Build.0 = Release|Any CPU
	EndGlobalSection
	GlobalSection(SolutionProperties) = preSolution
		HideSolutionNode = FALSE
	EndGlobalSection
	GlobalSection(ExtensibilityGlobals) = postSolution
		SolutionGuid = {FA907433-F5A9-4700-87BA-727A87B1A65A}
	EndGlobalSection
EndGlobal
